<?xml version="1.0" encoding="utf-8"?>
<Project ToolsVersion="4.0" xmlns="http://schemas.microsoft.com/developer/msbuild/2003">
  <ItemGroup>
    <Filter Include="Source Files">
      <UniqueIdentifier>{4FC737F1-C7A5-4376-A066-2A32D752A2FF}</UniqueIdentifier>
      <Extensions>cpp;c;cc;cxx;def;odl;idl;hpj;bat;asm;asmx</Extensions>
    </Filter>
    <Filter Include="Header Files">
      <UniqueIdentifier>{93995380-89BD-4b04-88EB-625FBE52EBFB}</UniqueIdentifier>
      <Extensions>h;hh;hpp;hxx;hm;inl;inc;xsd</Extensions>
    </Filter>
    <Filter Include="Resource Files">
      <UniqueIdentifier>{67DA6AB6-F800-4c08-8B7A-83BB121AAD01}</UniqueIdentifier>
      <Extensions>rc;ico;cur;bmp;dlg;rc2;rct;bin;rgs;gif;jpg;jpeg;jpe;resx;tiff;tif;png;wav;mfcribbon-ms</Extensions>
    </Filter>
  </ItemGroup>
  <ItemGroup>
    <ClInclude Include="Sources\ActiveComponent.h">
      <Filter>Header Files</Filter>
    </ClInclude>
    <ClInclude Include="Sources\AssetManager.h">
      <Filter>Header Files</Filter>
    </ClInclude>
    <ClInclude Include="Sources\Color.h">
      <Filter>Header Files</Filter>
    </ClInclude>
    <ClInclude Include="Sources\Component.h">
      <Filter>Header Files</Filter>
    </ClInclude>
    <ClInclude Include="Sources\Engine.h">
      <Filter>Header Files</Filter>
    </ClInclude>
    <ClInclude Include="Sources\GameLogic.h">
      <Filter>Header Files</Filter>
    </ClInclude>
    <ClInclude Include="Sources\GameLogicSystem.h">
      <Filter>Header Files</Filter>
    </ClInclude>
    <ClInclude Include="Sources\GameObject.h">
      <Filter>Header Files</Filter>
    </ClInclude>
    <ClInclude Include="Sources\GameTime.h">
      <Filter>Header Files</Filter>
    </ClInclude>
    <ClInclude Include="Sources\imageloader.h">
      <Filter>Header Files</Filter>
    </ClInclude>
    <ClInclude Include="Sources\Input.h">
      <Filter>Header Files</Filter>
    </ClInclude>
    <ClInclude Include="Sources\Libs.h">
      <Filter>Header Files</Filter>
    </ClInclude>
    <ClInclude Include="Sources\Material.h">
      <Filter>Header Files</Filter>
    </ClInclude>
    <ClInclude Include="Sources\Matrix4.h">
      <Filter>Header Files</Filter>
    </ClInclude>
    <ClInclude Include="Sources\Mesh.h">
      <Filter>Header Files</Filter>
    </ClInclude>
    <ClInclude Include="Sources\MeshRenderer.h">
      <Filter>Header Files</Filter>
    </ClInclude>
    <ClInclude Include="Sources\Renderer.h">
      <Filter>Header Files</Filter>
    </ClInclude>
    <ClInclude Include="Sources\RenderSystem.h">
      <Filter>Header Files</Filter>
    </ClInclude>
    <ClInclude Include="Sources\smart_pointer.h">
      <Filter>Header Files</Filter>
    </ClInclude>
    <ClInclude Include="Sources\SpriteRenderer.h">
      <Filter>Header Files</Filter>
    </ClInclude>
    <ClInclude Include="Sources\System.h">
      <Filter>Header Files</Filter>
    </ClInclude>
    <ClInclude Include="Sources\Texture2D.h">
      <Filter>Header Files</Filter>
    </ClInclude>
    <ClInclude Include="Sources\TextureAtlas.h">
      <Filter>Header Files</Filter>
    </ClInclude>
    <ClInclude Include="Sources\TextureRegion.h">
      <Filter>Header Files</Filter>
    </ClInclude>
    <ClInclude Include="Sources\TextureTiled.h">
      <Filter>Header Files</Filter>
    </ClInclude>
    <ClInclude Include="Sources\Transform.h">
      <Filter>Header Files</Filter>
    </ClInclude>
    <ClInclude Include="Sources\Utils.h">
      <Filter>Header Files</Filter>
    </ClInclude>
    <ClInclude Include="Sources\Vectors.h">
      <Filter>Header Files</Filter>
    </ClInclude>
    <ClInclude Include="Sources\GL_LIBS.h">
      <Filter>Header Files</Filter>
    </ClInclude>
    <ClInclude Include="Sources\TextureAnimator.h">
      <Filter>Header Files</Filter>
    </ClInclude>
    <ClInclude Include="Sources\TextureAnimationClip.h">
      <Filter>Header Files</Filter>
    </ClInclude>
    <ClInclude Include="Sources\Terrain.h">
      <Filter>Header Files</Filter>
    </ClInclude>
    <ClInclude Include="Sources\Camera.h">
      <Filter>Header Files</Filter>
    </ClInclude>
    <ClInclude Include="Sources\ScreenSystem.h">
      <Filter>Header Files</Filter>
    </ClInclude>
    <ClInclude Include="Sources\Ship.h">
      <Filter>Header Files</Filter>
    </ClInclude>
    <ClInclude Include="Sources\ShaderProgram.h">
      <Filter>Header Files</Filter>
    </ClInclude>
  </ItemGroup>
  <ItemGroup>
    <ClCompile Include="Sources\AssetManager.cpp">
      <Filter>Source Files</Filter>
    </ClCompile>
    <ClCompile Include="Sources\Engine.cpp">
      <Filter>Source Files</Filter>
    </ClCompile>
    <ClCompile Include="Sources\FPSCounter.cpp">
      <Filter>Source Files</Filter>
    </ClCompile>
    <ClCompile Include="Sources\GameLogicSystem.cpp">
      <Filter>Source Files</Filter>
    </ClCompile>
    <ClCompile Include="Sources\GameObject.cpp">
      <Filter>Source Files</Filter>
    </ClCompile>
    <ClCompile Include="Sources\GameTime.cpp">
      <Filter>Source Files</Filter>
    </ClCompile>
    <ClCompile Include="Sources\GLTestComponent.cpp">
      <Filter>Source Files</Filter>
    </ClCompile>
    <ClCompile Include="Sources\imageloader.cpp">
      <Filter>Source Files</Filter>
    </ClCompile>
    <ClCompile Include="Sources\Input.cpp">
      <Filter>Source Files</Filter>
    </ClCompile>
    <ClCompile Include="Sources\Main.cpp">
      <Filter>Source Files</Filter>
    </ClCompile>
    <ClCompile Include="Sources\Matrix4.cpp">
      <Filter>Source Files</Filter>
    </ClCompile>
    <ClCompile Include="Sources\Mesh.cpp">
      <Filter>Source Files</Filter>
    </ClCompile>
    <ClCompile Include="Sources\MeshRenderer.cpp">
      <Filter>Source Files</Filter>
    </ClCompile>
    <ClCompile Include="Sources\RenderSystem.cpp">
      <Filter>Source Files</Filter>
    </ClCompile>
    <ClCompile Include="Sources\SecondComponent.cpp">
      <Filter>Source Files</Filter>
    </ClCompile>
    <ClCompile Include="Sources\SpriteRenderer.cpp">
      <Filter>Source Files</Filter>
    </ClCompile>
    <ClCompile Include="Sources\TestComponent.cpp">
      <Filter>Source Files</Filter>
    </ClCompile>
    <ClCompile Include="Sources\Texture2D.cpp">
      <Filter>Source Files</Filter>
    </ClCompile>
    <ClCompile Include="Sources\TextureAtlas.cpp">
      <Filter>Source Files</Filter>
    </ClCompile>
    <ClCompile Include="Sources\TextureTiled.cpp">
      <Filter>Source Files</Filter>
    </ClCompile>
    <ClCompile Include="Sources\Transform.cpp">
      <Filter>Source Files</Filter>
    </ClCompile>
    <ClCompile Include="Sources\Utils.cpp">
      <Filter>Source Files</Filter>
    </ClCompile>
    <ClCompile Include="Sources\TextureAnimationClip.cpp">
      <Filter>Source Files</Filter>
    </ClCompile>
    <ClCompile Include="Sources\TextureAnimator.cpp">
      <Filter>Source Files</Filter>
    </ClCompile>
    <ClCompile Include="Sources\Terrain.cpp">
      <Filter>Source Files</Filter>
    </ClCompile>
    <ClCompile Include="Sources\Camera.cpp">
      <Filter>Source Files</Filter>
    </ClCompile>
    <ClCompile Include="Sources\ScreenSystem.cpp">
      <Filter>Source Files</Filter>
    </ClCompile>
    <ClCompile Include="Sources\Ship.cpp">
      <Filter>Source Files</Filter>
    </ClCompile>
    <ClCompile Include="Sources\ShaderProgram.cpp">
      <Filter>Source Files</Filter>
    </ClCompile>
  </ItemGroup>
</Project>