<?xml version="1.0" encoding="utf-8"?>
<Project ToolsVersion="4.0" xmlns="http://schemas.microsoft.com/developer/msbuild/2003">
  <ItemGroup>
    <Filter Include="Source Files">
      <UniqueIdentifier>{4FC737F1-C7A5-4376-A066-2A32D752A2FF}</UniqueIdentifier>
      <Extensions>cpp;c;cc;cxx;def;odl;idl;hpj;bat;asm;asmx</Extensions>
    </Filter>
    <Filter Include="Header Files">
      <UniqueIdentifier>{93995380-89BD-4b04-88EB-625FBE52EBFB}</UniqueIdentifier>
      <Extensions>h;hh;hpp;hxx;hm;inl;inc;xsd</Extensions>
    </Filter>
    <Filter Include="Resource Files">
      <UniqueIdentifier>{67DA6AB6-F800-4c08-8B7A-83BB121AAD01}</UniqueIdentifier>
      <Extensions>rc;ico;cur;bmp;dlg;rc2;rct;bin;rgs;gif;jpg;jpeg;jpe;resx;tiff;tif;png;wav;mfcribbon-ms</Extensions>
    </Filter>
    <Filter Include="Source Files\CoreEngine">
      <UniqueIdentifier>{aae2cc96-8591-44ff-aac6-011981188a7c}</UniqueIdentifier>
    </Filter>
    <Filter Include="Header Files\CoreEngine">
      <UniqueIdentifier>{a3528159-0d28-46cf-9943-f0605f4db3df}</UniqueIdentifier>
    </Filter>
    <Filter Include="Header Files\Systems">
      <UniqueIdentifier>{868087f1-2d03-4df3-88bd-60cf329ecfcc}</UniqueIdentifier>
    </Filter>
    <Filter Include="Source Files\Systems">
      <UniqueIdentifier>{bac89007-d77a-4d62-a753-4d43f8986cc9}</UniqueIdentifier>
    </Filter>
    <Filter Include="Header Files\Components">
      <UniqueIdentifier>{b38b44e5-79fc-4e09-9a55-93d3e985552d}</UniqueIdentifier>
    </Filter>
    <Filter Include="Source Files\Components">
      <UniqueIdentifier>{48e4b95a-a14b-47f1-b378-78cb8bef0a78}</UniqueIdentifier>
    </Filter>
    <Filter Include="Header Files\Extras">
      <UniqueIdentifier>{61b2a414-e725-4872-ac02-23d60aaf70f8}</UniqueIdentifier>
    </Filter>
    <Filter Include="Source Files\Extras">
      <UniqueIdentifier>{3f164216-22ad-406b-b33b-f5ccc8ac705a}</UniqueIdentifier>
    </Filter>
    <Filter Include="Header Files\Testing">
      <UniqueIdentifier>{5272994c-900e-419a-adbc-3a7d984e3b4e}</UniqueIdentifier>
    </Filter>
    <Filter Include="Source Files\Testing">
      <UniqueIdentifier>{ea987e6d-e70c-4f2d-80e5-5eb01f9b0977}</UniqueIdentifier>
    </Filter>
  </ItemGroup>
  <ItemGroup>
    <ClInclude Include="Sources\CoreEngine\ActiveComponent.h">
      <Filter>Header Files\CoreEngine</Filter>
    </ClInclude>
    <ClInclude Include="Sources\CoreEngine\AssetManager.h">
      <Filter>Header Files\CoreEngine</Filter>
    </ClInclude>
    <ClInclude Include="Sources\CoreEngine\ChmoEngine.h">
      <Filter>Header Files\CoreEngine</Filter>
    </ClInclude>
    <ClInclude Include="Sources\CoreEngine\Component.h">
      <Filter>Header Files\CoreEngine</Filter>
    </ClInclude>
    <ClInclude Include="Sources\CoreEngine\Engine.h">
      <Filter>Header Files\CoreEngine</Filter>
    </ClInclude>
    <ClInclude Include="Sources\CoreEngine\GameLogic.h">
      <Filter>Header Files\CoreEngine</Filter>
    </ClInclude>
    <ClInclude Include="Sources\CoreEngine\GameObject.h">
      <Filter>Header Files\CoreEngine</Filter>
    </ClInclude>
    <ClInclude Include="Sources\CoreEngine\Material.h">
      <Filter>Header Files\CoreEngine</Filter>
    </ClInclude>
    <ClInclude Include="Sources\CoreEngine\Mesh.h">
      <Filter>Header Files\CoreEngine</Filter>
    </ClInclude>
    <ClInclude Include="Sources\CoreEngine\ShaderProgram.h">
      <Filter>Header Files\CoreEngine</Filter>
    </ClInclude>
    <ClInclude Include="Sources\CoreEngine\System.h">
      <Filter>Header Files\CoreEngine</Filter>
    </ClInclude>
    <ClInclude Include="Sources\CoreEngine\Texture2D.h">
      <Filter>Header Files\CoreEngine</Filter>
    </ClInclude>
    <ClInclude Include="Sources\CoreEngine\TextureAnimationClip.h">
      <Filter>Header Files\CoreEngine</Filter>
    </ClInclude>
    <ClInclude Include="Sources\CoreEngine\TextureAtlas.h">
      <Filter>Header Files\CoreEngine</Filter>
    </ClInclude>
    <ClInclude Include="Sources\CoreEngine\TextureRegion.h">
      <Filter>Header Files\CoreEngine</Filter>
    </ClInclude>
    <ClInclude Include="Sources\CoreEngine\TextureTiled.h">
      <Filter>Header Files\CoreEngine</Filter>
    </ClInclude>
    <ClInclude Include="Sources\CoreEngine\Transform.h">
      <Filter>Header Files\CoreEngine</Filter>
    </ClInclude>
    <ClInclude Include="Sources\CoreEngine\Utils.h">
      <Filter>Header Files\CoreEngine</Filter>
    </ClInclude>
    <ClInclude Include="Sources\Systems\GameLogicSystem.h">
      <Filter>Header Files\Systems</Filter>
    </ClInclude>
    <ClInclude Include="Sources\Systems\GameTime.h">
      <Filter>Header Files\Systems</Filter>
    </ClInclude>
    <ClInclude Include="Sources\Systems\Input.h">
      <Filter>Header Files\Systems</Filter>
    </ClInclude>
    <ClInclude Include="Sources\Systems\RenderSystem.h">
      <Filter>Header Files\Systems</Filter>
    </ClInclude>
    <ClInclude Include="Sources\Systems\ScreenSystem.h">
      <Filter>Header Files\Systems</Filter>
    </ClInclude>
    <ClInclude Include="Sources\Components\Camera.h">
      <Filter>Header Files\Components</Filter>
    </ClInclude>
    <ClInclude Include="Sources\Components\Light.h">
      <Filter>Header Files\Components</Filter>
    </ClInclude>
    <ClInclude Include="Sources\Components\MeshRenderer.h">
      <Filter>Header Files\Components</Filter>
    </ClInclude>
    <ClInclude Include="Sources\Components\Renderer.h">
      <Filter>Header Files\Components</Filter>
    </ClInclude>
    <ClInclude Include="Sources\Components\SpriteRenderer.h">
      <Filter>Header Files\Components</Filter>
    </ClInclude>
    <ClInclude Include="Sources\Components\Terrain.h">
      <Filter>Header Files\Components</Filter>
    </ClInclude>
    <ClInclude Include="Sources\Components\TextureAnimator.h">
      <Filter>Header Files\Components</Filter>
    </ClInclude>
    <ClInclude Include="Sources\Extras\Color.h">
      <Filter>Header Files\Extras</Filter>
    </ClInclude>
    <ClInclude Include="Sources\Extras\Vectors.h">
      <Filter>Header Files\Extras</Filter>
    </ClInclude>
    <ClInclude Include="Sources\Extras\smart_pointer.h">
      <Filter>Header Files\Extras</Filter>
    </ClInclude>
    <ClInclude Include="Sources\Extras\Matrix4.h">
      <Filter>Header Files\Extras</Filter>
    </ClInclude>
    <ClInclude Include="Sources\Testings\Ship.h">
      <Filter>Header Files\Testing</Filter>
    </ClInclude>
    <ClInclude Include="Sources\Testings\imageloader.h">
      <Filter>Header Files\Testing</Filter>
    </ClInclude>
    <ClInclude Include="Sources\CoreEngine\LIBS.h">
      <Filter>Header Files\CoreEngine</Filter>
    </ClInclude>
  </ItemGroup>
  <ItemGroup>
    <ClCompile Include="Sources\CoreEngine\Utils.cpp">
      <Filter>Source Files\CoreEngine</Filter>
    </ClCompile>
    <ClCompile Include="Sources\CoreEngine\AssetManager.cpp">
      <Filter>Source Files\CoreEngine</Filter>
    </ClCompile>
    <ClCompile Include="Sources\CoreEngine\Engine.cpp">
      <Filter>Source Files\CoreEngine</Filter>
    </ClCompile>
    <ClCompile Include="Sources\CoreEngine\GameObject.cpp">
      <Filter>Source Files\CoreEngine</Filter>
    </ClCompile>
    <ClCompile Include="Sources\CoreEngine\Material.cpp">
      <Filter>Source Files\CoreEngine</Filter>
    </ClCompile>
    <ClCompile Include="Sources\CoreEngine\Mesh.cpp">
      <Filter>Source Files\CoreEngine</Filter>
    </ClCompile>
    <ClCompile Include="Sources\CoreEngine\ShaderProgram.cpp">
      <Filter>Source Files\CoreEngine</Filter>
    </ClCompile>
    <ClCompile Include="Sources\CoreEngine\Texture2D.cpp">
      <Filter>Source Files\CoreEngine</Filter>
    </ClCompile>
    <ClCompile Include="Sources\CoreEngine\TextureAnimationClip.cpp">
      <Filter>Source Files\CoreEngine</Filter>
    </ClCompile>
    <ClCompile Include="Sources\CoreEngine\TextureAtlas.cpp">
      <Filter>Source Files\CoreEngine</Filter>
    </ClCompile>
    <ClCompile Include="Sources\CoreEngine\TextureTiled.cpp">
      <Filter>Source Files\CoreEngine</Filter>
    </ClCompile>
    <ClCompile Include="Sources\CoreEngine\Transform.cpp">
      <Filter>Source Files\CoreEngine</Filter>
    </ClCompile>
    <ClCompile Include="Sources\Systems\GameLogicSystem.cpp">
      <Filter>Source Files\Systems</Filter>
    </ClCompile>
    <ClCompile Include="Sources\Systems\GameTime.cpp">
      <Filter>Source Files\Systems</Filter>
    </ClCompile>
    <ClCompile Include="Sources\Systems\Input.cpp">
      <Filter>Source Files\Systems</Filter>
    </ClCompile>
    <ClCompile Include="Sources\Systems\RenderSystem.cpp">
      <Filter>Source Files\Systems</Filter>
    </ClCompile>
    <ClCompile Include="Sources\Systems\ScreenSystem.cpp">
      <Filter>Source Files\Systems</Filter>
    </ClCompile>
    <ClCompile Include="Sources\Components\Camera.cpp">
      <Filter>Source Files\Components</Filter>
    </ClCompile>
    <ClCompile Include="Sources\Components\Light.cpp">
      <Filter>Source Files\Components</Filter>
    </ClCompile>
    <ClCompile Include="Sources\Components\MeshRenderer.cpp">
      <Filter>Source Files\Components</Filter>
    </ClCompile>
    <ClCompile Include="Sources\Components\SpriteRenderer.cpp">
      <Filter>Source Files\Components</Filter>
    </ClCompile>
    <ClCompile Include="Sources\Components\Terrain.cpp">
      <Filter>Source Files\Components</Filter>
    </ClCompile>
    <ClCompile Include="Sources\Components\TextureAnimator.cpp">
      <Filter>Source Files\Components</Filter>
    </ClCompile>
    <ClCompile Include="Sources\Extras\Color.cpp">
      <Filter>Source Files\Extras</Filter>
    </ClCompile>
    <ClCompile Include="Sources\Extras\Vectors.cpp">
      <Filter>Source Files\Extras</Filter>
    </ClCompile>
    <ClCompile Include="Sources\Extras\Matrix4.cpp">
      <Filter>Source Files\Extras</Filter>
    </ClCompile>
    <ClCompile Include="Sources\Testings\FPSCounter.cpp">
      <Filter>Source Files\Testing</Filter>
    </ClCompile>
    <ClCompile Include="Sources\Testings\TestComponent.cpp">
      <Filter>Source Files\Testing</Filter>
    </ClCompile>
    <ClCompile Include="Sources\Testings\Ship.cpp">
      <Filter>Source Files\Testing</Filter>
    </ClCompile>
    <ClCompile Include="Sources\Testings\SecondComponent.cpp">
      <Filter>Source Files\Testing</Filter>
    </ClCompile>
    <ClCompile Include="Sources\Testings\GLTestComponent.cpp">
      <Filter>Source Files\Testing</Filter>
    </ClCompile>
    <ClCompile Include="Sources\Main.cpp">
      <Filter>Source Files</Filter>
    </ClCompile>
    <ClCompile Include="Sources\Testings\imageloader.cpp">
      <Filter>Source Files\Testing</Filter>
    </ClCompile>
    <ClCompile Include="Sources\CoreEngine\ActiveComponent.cpp">
      <Filter>Source Files\CoreEngine</Filter>
    </ClCompile>
    <ClCompile Include="Sources\Components\Renderer.cpp">
      <Filter>Source Files\Components</Filter>
    </ClCompile>
  </ItemGroup>
</Project>